// !$*UTF8*$!
{
	archiveVersion = 1;
	classes = {
	};
	objectVersion = 50;
	objects = {

/* Begin PBXBuildFile section */
		74156DA9270BC6ED0095604B /* AppDelegate.swift in Sources */ = {isa = PBXBuildFile; fileRef = 74156DA8270BC6ED0095604B /* AppDelegate.swift */; };
		74156DAB270BC6ED0095604B /* SceneDelegate.swift in Sources */ = {isa = PBXBuildFile; fileRef = 74156DAA270BC6ED0095604B /* SceneDelegate.swift */; };
		74156DAD270BC6ED0095604B /* ViewController.swift in Sources */ = {isa = PBXBuildFile; fileRef = 74156DAC270BC6ED0095604B /* ViewController.swift */; };
		74156DB0270BC6ED0095604B /* Main.storyboard in Resources */ = {isa = PBXBuildFile; fileRef = 74156DAE270BC6ED0095604B /* Main.storyboard */; };
		74156DB2270BC6EE0095604B /* Assets.xcassets in Resources */ = {isa = PBXBuildFile; fileRef = 74156DB1270BC6EE0095604B /* Assets.xcassets */; };
		74156DB5270BC6EE0095604B /* LaunchScreen.storyboard in Resources */ = {isa = PBXBuildFile; fileRef = 74156DB3270BC6EE0095604B /* LaunchScreen.storyboard */; };
		74156DC0270BC6EE0095604B /* instagramTests.swift in Sources */ = {isa = PBXBuildFile; fileRef = 74156DBF270BC6EE0095604B /* instagramTests.swift */; };
		74156DCB270BC6EE0095604B /* instagramUITests.swift in Sources */ = {isa = PBXBuildFile; fileRef = 74156DCA270BC6EE0095604B /* instagramUITests.swift */; };
/* End PBXBuildFile section */

/* Begin PBXContainerItemProxy section */
		74156DBC270BC6EE0095604B /* PBXContainerItemProxy */ = {
			isa = PBXContainerItemProxy;
			containerPortal = 74156D9D270BC6ED0095604B /* Project object */;
			proxyType = 1;
			remoteGlobalIDString = 74156DA4270BC6ED0095604B;
			remoteInfo = instagram;
		};
		74156DC7270BC6EE0095604B /* PBXContainerItemProxy */ = {
			isa = PBXContainerItemProxy;
			containerPortal = 74156D9D270BC6ED0095604B /* Project object */;
			proxyType = 1;
			remoteGlobalIDString = 74156DA4270BC6ED0095604B;
			remoteInfo = instagram;
		};
/* End PBXContainerItemProxy section */

/* Begin PBXFileReference section */
		74156DA5270BC6ED0095604B /* instagram.app */ = {isa = PBXFileReference; explicitFileType = wrapper.application; includeInIndex = 0; path = instagram.app; sourceTree = BUILT_PRODUCTS_DIR; };
		74156DA8270BC6ED0095604B /* AppDelegate.swift */ = {isa = PBXFileReference; lastKnownFileType = sourcecode.swift; path = AppDelegate.swift; sourceTree = "<group>"; };
		74156DAA270BC6ED0095604B /* SceneDelegate.swift */ = {isa = PBXFileReference; lastKnownFileType = sourcecode.swift; path = SceneDelegate.swift; sourceTree = "<group>"; };
		74156DAC270BC6ED0095604B /* ViewController.swift */ = {isa = PBXFileReference; lastKnownFileType = sourcecode.swift; path = ViewController.swift; sourceTree = "<group>"; };
		74156DAF270BC6ED0095604B /* Base */ = {isa = PBXFileReference; lastKnownFileType = file.storyboard; name = Base; path = Base.lproj/Main.storyboard; sourceTree = "<group>"; };
		74156DB1270BC6EE0095604B /* Assets.xcassets */ = {isa = PBXFileReference; lastKnownFileType = folder.assetcatalog; path = Assets.xcassets; sourceTree = "<group>"; };
		74156DB4270BC6EE0095604B /* Base */ = {isa = PBXFileReference; lastKnownFileType = file.storyboard; name = Base; path = Base.lproj/LaunchScreen.storyboard; sourceTree = "<group>"; };
		74156DB6270BC6EE0095604B /* Info.plist */ = {isa = PBXFileReference; lastKnownFileType = text.plist.xml; path = Info.plist; sourceTree = "<group>"; };
		74156DBB270BC6EE0095604B /* instagramTests.xctest */ = {isa = PBXFileReference; explicitFileType = wrapper.cfbundle; includeInIndex = 0; path = instagramTests.xctest; sourceTree = BUILT_PRODUCTS_DIR; };
		74156DBF270BC6EE0095604B /* instagramTests.swift */ = {isa = PBXFileReference; lastKnownFileType = sourcecode.swift; path = instagramTests.swift; sourceTree = "<group>"; };
		74156DC1270BC6EE0095604B /* Info.plist */ = {isa = PBXFileReference; lastKnownFileType = text.plist.xml; path = Info.plist; sourceTree = "<group>"; };
		74156DC6270BC6EE0095604B /* instagramUITests.xctest */ = {isa = PBXFileReference; explicitFileType = wrapper.cfbundle; includeInIndex = 0; path = instagramUITests.xctest; sourceTree = BUILT_PRODUCTS_DIR; };
		74156DCA270BC6EE0095604B /* instagramUITests.swift */ = {isa = PBXFileReference; lastKnownFileType = sourcecode.swift; path = instagramUITests.swift; sourceTree = "<group>"; };
		74156DCC270BC6EE0095604B /* Info.plist */ = {isa = PBXFileReference; lastKnownFileType = text.plist.xml; path = Info.plist; sourceTree = "<group>"; };
/* End PBXFileReference section */

/* Begin PBXFrameworksBuildPhase section */
		74156DA2270BC6ED0095604B /* Frameworks */ = {
			isa = PBXFrameworksBuildPhase;
			buildActionMask = 2147483647;
			files = (
			);
			runOnlyForDeploymentPostprocessing = 0;
		};
		74156DB8270BC6EE0095604B /* Frameworks */ = {
			isa = PBXFrameworksBuildPhase;
			buildActionMask = 2147483647;
			files = (
			);
			runOnlyForDeploymentPostprocessing = 0;
		};
		74156DC3270BC6EE0095604B /* Frameworks */ = {
			isa = PBXFrameworksBuildPhase;
			buildActionMask = 2147483647;
			files = (
			);
			runOnlyForDeploymentPostprocessing = 0;
		};
/* End PBXFrameworksBuildPhase section */

/* Begin PBXGroup section */
		74156D9C270BC6ED0095604B = {
			isa = PBXGroup;
			children = (
				74156DA7270BC6ED0095604B /* instagram */,
				74156DBE270BC6EE0095604B /* instagramTests */,
				74156DC9270BC6EE0095604B /* instagramUITests */,
				74156DA6270BC6ED0095604B /* Products */,
			);
			sourceTree = "<group>";
		};
		74156DA6270BC6ED0095604B /* Products */ = {
			isa = PBXGroup;
			children = (
				74156DA5270BC6ED0095604B /* instagram.app */,
				74156DBB270BC6EE0095604B /* instagramTests.xctest */,
				74156DC6270BC6EE0095604B /* instagramUITests.xctest */,
			);
			name = Products;
			sourceTree = "<group>";
		};
		74156DA7270BC6ED0095604B /* instagram */ = {
			isa = PBXGroup;
			children = (
				74156DA8270BC6ED0095604B /* AppDelegate.swift */,
				74156DAA270BC6ED0095604B /* SceneDelegate.swift */,
				74156DAC270BC6ED0095604B /* ViewController.swift */,
				74156DAE270BC6ED0095604B /* Main.storyboard */,
				74156DB1270BC6EE0095604B /* Assets.xcassets */,
				74156DB3270BC6EE0095604B /* LaunchScreen.storyboard */,
				74156DB6270BC6EE0095604B /* Info.plist */,
			);
			path = instagram;
			sourceTree = "<group>";
		};
		74156DBE270BC6EE0095604B /* instagramTests */ = {
			isa = PBXGroup;
			children = (
				74156DBF270BC6EE0095604B /* instagramTests.swift */,
				74156DC1270BC6EE0095604B /* Info.plist */,
			);
			path = instagramTests;
			sourceTree = "<group>";
		};
		74156DC9270BC6EE0095604B /* instagramUITests */ = {
			isa = PBXGroup;
			children = (
				74156DCA270BC6EE0095604B /* instagramUITests.swift */,
				74156DCC270BC6EE0095604B /* Info.plist */,
			);
			path = instagramUITests;
			sourceTree = "<group>";
		};
/* End PBXGroup section */

/* Begin PBXNativeTarget section */
		74156DA4270BC6ED0095604B /* instagram */ = {
			isa = PBXNativeTarget;
			buildConfigurationList = 74156DCF270BC6EE0095604B /* Build configuration list for PBXNativeTarget "instagram" */;
			buildPhases = (
				74156DA1270BC6ED0095604B /* Sources */,
				74156DA2270BC6ED0095604B /* Frameworks */,
				74156DA3270BC6ED0095604B /* Resources */,
			);
			buildRules = (
			);
			dependencies = (
			);
			name = instagram;
			productName = instagram;
			productReference = 74156DA5270BC6ED0095604B /* instagram.app */;
			productType = "com.apple.product-type.application";
		};
		74156DBA270BC6EE0095604B /* instagramTests */ = {
			isa = PBXNativeTarget;
			buildConfigurationList = 74156DD2270BC6EE0095604B /* Build configuration list for PBXNativeTarget "instagramTests" */;
			buildPhases = (
				74156DB7270BC6EE0095604B /* Sources */,
				74156DB8270BC6EE0095604B /* Frameworks */,
				74156DB9270BC6EE0095604B /* Resources */,
			);
			buildRules = (
			);
			dependencies = (
				74156DBD270BC6EE0095604B /* PBXTargetDependency */,
			);
			name = instagramTests;
			productName = instagramTests;
			productReference = 74156DBB270BC6EE0095604B /* instagramTests.xctest */;
			productType = "com.apple.product-type.bundle.unit-test";
		};
		74156DC5270BC6EE0095604B /* instagramUITests */ = {
			isa = PBXNativeTarget;
			buildConfigurationList = 74156DD5270BC6EE0095604B /* Build configuration list for PBXNativeTarget "instagramUITests" */;
			buildPhases = (
				74156DC2270BC6EE0095604B /* Sources */,
				74156DC3270BC6EE0095604B /* Frameworks */,
				74156DC4270BC6EE0095604B /* Resources */,
			);
			buildRules = (
			);
			dependencies = (
				74156DC8270BC6EE0095604B /* PBXTargetDependency */,
			);
			name = instagramUITests;
			productName = instagramUITests;
			productReference = 74156DC6270BC6EE0095604B /* instagramUITests.xctest */;
			productType = "com.apple.product-type.bundle.ui-testing";
		};
/* End PBXNativeTarget section */

/* Begin PBXProject section */
		74156D9D270BC6ED0095604B /* Project object */ = {
			isa = PBXProject;
			attributes = {
				LastSwiftUpdateCheck = 1250;
				LastUpgradeCheck = 1250;
				TargetAttributes = {
					74156DA4270BC6ED0095604B = {
						CreatedOnToolsVersion = 12.5.1;
					};
					74156DBA270BC6EE0095604B = {
						CreatedOnToolsVersion = 12.5.1;
						TestTargetID = 74156DA4270BC6ED0095604B;
					};
					74156DC5270BC6EE0095604B = {
						CreatedOnToolsVersion = 12.5.1;
						TestTargetID = 74156DA4270BC6ED0095604B;
					};
				};
			};
			buildConfigurationList = 74156DA0270BC6ED0095604B /* Build configuration list for PBXProject "instagram" */;
			compatibilityVersion = "Xcode 9.3";
			developmentRegion = en;
			hasScannedForEncodings = 0;
			knownRegions = (
				en,
				Base,
			);
			mainGroup = 74156D9C270BC6ED0095604B;
			productRefGroup = 74156DA6270BC6ED0095604B /* Products */;
			projectDirPath = "";
			projectRoot = "";
			targets = (
				74156DA4270BC6ED0095604B /* instagram */,
				74156DBA270BC6EE0095604B /* instagramTests */,
				74156DC5270BC6EE0095604B /* instagramUITests */,
			);
		};
/* End PBXProject section */

/* Begin PBXResourcesBuildPhase section */
		74156DA3270BC6ED0095604B /* Resources */ = {
			isa = PBXResourcesBuildPhase;
			buildActionMask = 2147483647;
			files = (
				74156DB5270BC6EE0095604B /* LaunchScreen.storyboard in Resources */,
				74156DB2270BC6EE0095604B /* Assets.xcassets in Resources */,
				74156DB0270BC6ED0095604B /* Main.storyboard in Resources */,
			);
			runOnlyForDeploymentPostprocessing = 0;
		};
		74156DB9270BC6EE0095604B /* Resources */ = {
			isa = PBXResourcesBuildPhase;
			buildActionMask = 2147483647;
			files = (
			);
			runOnlyForDeploymentPostprocessing = 0;
		};
		74156DC4270BC6EE0095604B /* Resources */ = {
			isa = PBXResourcesBuildPhase;
			buildActionMask = 2147483647;
			files = (
			);
			runOnlyForDeploymentPostprocessing = 0;
		};
/* End PBXResourcesBuildPhase section */

/* Begin PBXSourcesBuildPhase section */
		74156DA1270BC6ED0095604B /* Sources */ = {
			isa = PBXSourcesBuildPhase;
			buildActionMask = 2147483647;
			files = (
				74156DAD270BC6ED0095604B /* ViewController.swift in Sources */,
				74156DA9270BC6ED0095604B /* AppDelegate.swift in Sources */,
				74156DAB270BC6ED0095604B /* SceneDelegate.swift in Sources */,
			);
			runOnlyForDeploymentPostprocessing = 0;
		};
		74156DB7270BC6EE0095604B /* Sources */ = {
			isa = PBXSourcesBuildPhase;
			buildActionMask = 2147483647;
			files = (
				74156DC0270BC6EE0095604B /* instagramTests.swift in Sources */,
			);
			runOnlyForDeploymentPostprocessing = 0;
		};
		74156DC2270BC6EE0095604B /* Sources */ = {
			isa = PBXSourcesBuildPhase;
			buildActionMask = 2147483647;
			files = (
				74156DCB270BC6EE0095604B /* instagramUITests.swift in Sources */,
			);
			runOnlyForDeploymentPostprocessing = 0;
		};
/* End PBXSourcesBuildPhase section */

/* Begin PBXTargetDependency section */
		74156DBD270BC6EE0095604B /* PBXTargetDependency */ = {
			isa = PBXTargetDependency;
			target = 74156DA4270BC6ED0095604B /* instagram */;
			targetProxy = 74156DBC270BC6EE0095604B /* PBXContainerItemProxy */;
		};
		74156DC8270BC6EE0095604B /* PBXTargetDependency */ = {
			isa = PBXTargetDependency;
			target = 74156DA4270BC6ED0095604B /* instagram */;
			targetProxy = 74156DC7270BC6EE0095604B /* PBXContainerItemProxy */;
		};
/* End PBXTargetDependency section */

/* Begin PBXVariantGroup section */
		74156DAE270BC6ED0095604B /* Main.storyboard */ = {
			isa = PBXVariantGroup;
			children = (
				74156DAF270BC6ED0095604B /* Base */,
			);
			name = Main.storyboard;
			sourceTree = "<group>";
		};
		74156DB3270BC6EE0095604B /* LaunchScreen.storyboard */ = {
			isa = PBXVariantGroup;
			children = (
				74156DB4270BC6EE0095604B /* Base */,
			);
			name = LaunchScreen.storyboard;
			sourceTree = "<group>";
		};
/* End PBXVariantGroup section */

/* Begin XCBuildConfiguration section */
		74156DCD270BC6EE0095604B /* Debug */ = {
			isa = XCBuildConfiguration;
			buildSettings = {
				ALWAYS_SEARCH_USER_PATHS = NO;
				CLANG_ANALYZER_NONNULL = YES;
				CLANG_ANALYZER_NUMBER_OBJECT_CONVERSION = YES_AGGRESSIVE;
				CLANG_CXX_LANGUAGE_STANDARD = "gnu++14";
				CLANG_CXX_LIBRARY = "libc++";
				CLANG_ENABLE_MODULES = YES;
				CLANG_ENABLE_OBJC_ARC = YES;
				CLANG_ENABLE_OBJC_WEAK = YES;
				CLANG_WARN_BLOCK_CAPTURE_AUTORELEASING = YES;
				CLANG_WARN_BOOL_CONVERSION = YES;
				CLANG_WARN_COMMA = YES;
				CLANG_WARN_CONSTANT_CONVERSION = YES;
				CLANG_WARN_DEPRECATED_OBJC_IMPLEMENTATIONS = YES;
				CLANG_WARN_DIRECT_OBJC_ISA_USAGE = YES_ERROR;
				CLANG_WARN_DOCUMENTATION_COMMENTS = YES;
				CLANG_WARN_EMPTY_BODY = YES;
				CLANG_WARN_ENUM_CONVERSION = YES;
				CLANG_WARN_INFINITE_RECURSION = YES;
				CLANG_WARN_INT_CONVERSION = YES;
				CLANG_WARN_NON_LITERAL_NULL_CONVERSION = YES;
				CLANG_WARN_OBJC_IMPLICIT_RETAIN_SELF = YES;
				CLANG_WARN_OBJC_LITERAL_CONVERSION = YES;
				CLANG_WARN_OBJC_ROOT_CLASS = YES_ERROR;
				CLANG_WARN_QUOTED_INCLUDE_IN_FRAMEWORK_HEADER = YES;
				CLANG_WARN_RANGE_LOOP_ANALYSIS = YES;
				CLANG_WARN_STRICT_PROTOTYPES = YES;
				CLANG_WARN_SUSPICIOUS_MOVE = YES;
				CLANG_WARN_UNGUARDED_AVAILABILITY = YES_AGGRESSIVE;
				CLANG_WARN_UNREACHABLE_CODE = YES;
				CLANG_WARN__DUPLICATE_METHOD_MATCH = YES;
				COPY_PHASE_STRIP = NO;
				DEBUG_INFORMATION_FORMAT = dwarf;
				ENABLE_STRICT_OBJC_MSGSEND = YES;
				ENABLE_TESTABILITY = YES;
				GCC_C_LANGUAGE_STANDARD = gnu11;
				GCC_DYNAMIC_NO_PIC = NO;
				GCC_NO_COMMON_BLOCKS = YES;
				GCC_OPTIMIZATION_LEVEL = 0;
				GCC_PREPROCESSOR_DEFINITIONS = (
					"DEBUG=1",
					"$(inherited)",
				);
				GCC_WARN_64_TO_32_BIT_CONVERSION = YES;
				GCC_WARN_ABOUT_RETURN_TYPE = YES_ERROR;
				GCC_WARN_UNDECLARED_SELECTOR = YES;
				GCC_WARN_UNINITIALIZED_AUTOS = YES_AGGRESSIVE;
				GCC_WARN_UNUSED_FUNCTION = YES;
				GCC_WARN_UNUSED_VARIABLE = YES;
				IPHONEOS_DEPLOYMENT_TARGET = 14.5;
				MTL_ENABLE_DEBUG_INFO = INCLUDE_SOURCE;
				MTL_FAST_MATH = YES;
				ONLY_ACTIVE_ARCH = YES;
				SDKROOT = iphoneos;
				SWIFT_ACTIVE_COMPILATION_CONDITIONS = DEBUG;
				SWIFT_OPTIMIZATION_LEVEL = "-Onone";
			};
			name = Debug;
		};
		74156DCE270BC6EE0095604B /* Release */ = {
			isa = XCBuildConfiguration;
			buildSettings = {
				ALWAYS_SEARCH_USER_PATHS = NO;
				CLANG_ANALYZER_NONNULL = YES;
				CLANG_ANALYZER_NUMBER_OBJECT_CONVERSION = YES_AGGRESSIVE;
				CLANG_CXX_LANGUAGE_STANDARD = "gnu++14";
				CLANG_CXX_LIBRARY = "libc++";
				CLANG_ENABLE_MODULES = YES;
				CLANG_ENABLE_OBJC_ARC = YES;
				CLANG_ENABLE_OBJC_WEAK = YES;
				CLANG_WARN_BLOCK_CAPTURE_AUTORELEASING = YES;
				CLANG_WARN_BOOL_CONVERSION = YES;
				CLANG_WARN_COMMA = YES;
				CLANG_WARN_CONSTANT_CONVERSION = YES;
				CLANG_WARN_DEPRECATED_OBJC_IMPLEMENTATIONS = YES;
				CLANG_WARN_DIRECT_OBJC_ISA_USAGE = YES_ERROR;
				CLANG_WARN_DOCUMENTATION_COMMENTS = YES;
				CLANG_WARN_EMPTY_BODY = YES;
				CLANG_WARN_ENUM_CONVERSION = YES;
				CLANG_WARN_INFINITE_RECURSION = YES;
				CLANG_WARN_INT_CONVERSION = YES;
				CLANG_WARN_NON_LITERAL_NULL_CONVERSION = YES;
				CLANG_WARN_OBJC_IMPLICIT_RETAIN_SELF = YES;
				CLANG_WARN_OBJC_LITERAL_CONVERSION = YES;
				CLANG_WARN_OBJC_ROOT_CLASS = YES_ERROR;
				CLANG_WARN_QUOTED_INCLUDE_IN_FRAMEWORK_HEADER = YES;
				CLANG_WARN_RANGE_LOOP_ANALYSIS = YES;
				CLANG_WARN_STRICT_PROTOTYPES = YES;
				CLANG_WARN_SUSPICIOUS_MOVE = YES;
				CLANG_WARN_UNGUARDED_AVAILABILITY = YES_AGGRESSIVE;
				CLANG_WARN_UNREACHABLE_CODE = YES;
				CLANG_WARN__DUPLICATE_METHOD_MATCH = YES;
				COPY_PHASE_STRIP = NO;
				DEBUG_INFORMATION_FORMAT = "dwarf-with-dsym";
				ENABLE_NS_ASSERTIONS = NO;
				ENABLE_STRICT_OBJC_MSGSEND = YES;
				GCC_C_LANGUAGE_STANDARD = gnu11;
				GCC_NO_COMMON_BLOCKS = YES;
				GCC_WARN_64_TO_32_BIT_CONVERSION = YES;
				GCC_WARN_ABOUT_RETURN_TYPE = YES_ERROR;
				GCC_WARN_UNDECLARED_SELECTOR = YES;
				GCC_WARN_UNINITIALIZED_AUTOS = YES_AGGRESSIVE;
				GCC_WARN_UNUSED_FUNCTION = YES;
				GCC_WARN_UNUSED_VARIABLE = YES;
				IPHONEOS_DEPLOYMENT_TARGET = 14.5;
				MTL_ENABLE_DEBUG_INFO = NO;
				MTL_FAST_MATH = YES;
				SDKROOT = iphoneos;
				SWIFT_COMPILATION_MODE = wholemodule;
				SWIFT_OPTIMIZATION_LEVEL = "-O";
				VALIDATE_PRODUCT = YES;
			};
			name = Release;
		};
		74156DD0270BC6EE0095604B /* Debug */ = {
			isa = XCBuildConfiguration;
			buildSettings = {
				ASSETCATALOG_COMPILER_APPICON_NAME = AppIcon;
				ASSETCATALOG_COMPILER_GLOBAL_ACCENT_COLOR_NAME = AccentColor;
				CODE_SIGN_STYLE = Automatic;
				DEVELOPMENT_TEAM = 7HJ344MTR2;
				INFOPLIST_FILE = instagram/Info.plist;
				LD_RUNPATH_SEARCH_PATHS = (
					"$(inherited)",
					"@executable_path/Frameworks",
				);
				PRODUCT_BUNDLE_IDENTIFIER = acoup.com.instagram;
				PRODUCT_NAME = "$(TARGET_NAME)";
				SWIFT_VERSION = 5.0;
				TARGETED_DEVICE_FAMILY = "1,2";
			};
			name = Debug;
		};
		74156DD1270BC6EE0095604B /* Release */ = {
			isa = XCBuildConfiguration;
			buildSettings = {
				ASSETCATALOG_COMPILER_APPICON_NAME = AppIcon;
				ASSETCATALOG_COMPILER_GLOBAL_ACCENT_COLOR_NAME = AccentColor;
				CODE_SIGN_STYLE = Automatic;
				DEVELOPMENT_TEAM = 7HJ344MTR2;
				INFOPLIST_FILE = instagram/Info.plist;
				LD_RUNPATH_SEARCH_PATHS = (
					"$(inherited)",
					"@executable_path/Frameworks",
				);
				PRODUCT_BUNDLE_IDENTIFIER = acoup.com.instagram;
				PRODUCT_NAME = "$(TARGET_NAME)";
				SWIFT_VERSION = 5.0;
				TARGETED_DEVICE_FAMILY = "1,2";
			};
			name = Release;
		};
		74156DD3270BC6EE0095604B /* Debug */ = {
			isa = XCBuildConfiguration;
			buildSettings = {
				ALWAYS_EMBED_SWIFT_STANDARD_LIBRARIES = YES;
				BUNDLE_LOADER = "$(TEST_HOST)";
				CODE_SIGN_STYLE = Automatic;
				DEVELOPMENT_TEAM = 7HJ344MTR2;
				INFOPLIST_FILE = instagramTests/Info.plist;
				IPHONEOS_DEPLOYMENT_TARGET = 14.5;
				LD_RUNPATH_SEARCH_PATHS = (
					"$(inherited)",
					"@executable_path/Frameworks",
					"@loader_path/Frameworks",
				);
				PRODUCT_BUNDLE_IDENTIFIER = acoup.com.instagramTests;
				PRODUCT_NAME = "$(TARGET_NAME)";
				SWIFT_VERSION = 5.0;
				TARGETED_DEVICE_FAMILY = "1,2";
				TEST_HOST = "$(BUILT_PRODUCTS_DIR)/instagram.app/instagram";
			};
			name = Debug;
		};
		74156DD4270BC6EE0095604B /* Release */ = {
			isa = XCBuildConfiguration;
			buildSettings = {
				ALWAYS_EMBED_SWIFT_STANDARD_LIBRARIES = YES;
				BUNDLE_LOADER = "$(TEST_HOST)";
				CODE_SIGN_STYLE = Automatic;
				DEVELOPMENT_TEAM = 7HJ344MTR2;
				INFOPLIST_FILE = instagramTests/Info.plist;
				IPHONEOS_DEPLOYMENT_TARGET = 14.5;
				LD_RUNPATH_SEARCH_PATHS = (
					"$(inherited)",
					"@executable_path/Frameworks",
					"@loader_path/Frameworks",
				);
				PRODUCT_BUNDLE_IDENTIFIER = acoup.com.instagramTests;
				PRODUCT_NAME = "$(TARGET_NAME)";
				SWIFT_VERSION = 5.0;
				TARGETED_DEVICE_FAMILY = "1,2";
				TEST_HOST = "$(BUILT_PRODUCTS_DIR)/instagram.app/instagram";
			};
			name = Release;
		};
		74156DD6270BC6EE0095604B /* Debug */ = {
			isa = XCBuildConfiguration;
			buildSettings = {
				ALWAYS_EMBED_SWIFT_STANDARD_LIBRARIES = YES;
				CODE_SIGN_STYLE = Automatic;
				DEVELOPMENT_TEAM = 7HJ344MTR2;
				INFOPLIST_FILE = instagramUITests/Info.plist;
				LD_RUNPATH_SEARCH_PATHS = (
					"$(inherited)",
					"@executable_path/Frameworks",
					"@loader_path/Frameworks",
				);
				PRODUCT_BUNDLE_IDENTIFIER = acoup.com.instagramUITests;
				PRODUCT_NAME = "$(TARGET_NAME)";
				SWIFT_VERSION = 5.0;
				TARGETED_DEVICE_FAMILY = "1,2";
				TEST_TARGET_NAME = instagram;
			};
			name = Debug;
		};
		74156DD7270BC6EE0095604B /* Release */ = {
			isa = XCBuildConfiguration;
			buildSettings = {
				ALWAYS_EMBED_SWIFT_STANDARD_LIBRARIES = YES;
				CODE_SIGN_STYLE = Automatic;
				DEVELOPMENT_TEAM = 7HJ344MTR2;
				INFOPLIST_FILE = instagramUITests/Info.plist;
				LD_RUNPATH_SEARCH_PATHS = (
					"$(inherited)",
					"@executable_path/Frameworks",
					"@loader_path/Frameworks",
				);
				PRODUCT_BUNDLE_IDENTIFIER = acoup.com.instagramUITests;
				PRODUCT_NAME = "$(TARGET_NAME)";
				SWIFT_VERSION = 5.0;
				TARGETED_DEVICE_FAMILY = "1,2";
				TEST_TARGET_NAME = instagram;
			};
			name = Release;
		};
/* End XCBuildConfiguration section */

/* Begin XCConfigurationList section */
		74156DA0270BC6ED0095604B /* Build configuration list for PBXProject "instagram" */ = {
			isa = XCConfigurationList;
			buildConfigurations = (
				74156DCD270BC6EE0095604B /* Debug */,
				74156DCE270BC6EE0095604B /* Release */,
			);
			defaultConfigurationIsVisible = 0;
			defaultConfigurationName = Release;
		};
		74156DCF270BC6EE0095604B /* Build configuration list for PBXNativeTarget "instagram" */ = {
			isa = XCConfigurationList;
			buildConfigurations = (
				74156DD0270BC6EE0095604B /* Debug */,
				74156DD1270BC6EE0095604B /* Release */,
			);
			defaultConfigurationIsVisible = 0;
			defaultConfigurationName = Release;
		};
		74156DD2270BC6EE0095604B /* Build configuration list for PBXNativeTarget "instagramTests" */ = {
			isa = XCConfigurationList;
			buildConfigurations = (
				74156DD3270BC6EE0095604B /* Debug */,
				74156DD4270BC6EE0095604B /* Release */,
			);
			defaultConfigurationIsVisible = 0;
			defaultConfigurationName = Release;
		};
		74156DD5270BC6EE0095604B /* Build configuration list for PBXNativeTarget "instagramUITests" */ = {
			isa = XCConfigurationList;
			buildConfigurations = (
				74156DD6270BC6EE0095604B /* Debug */,
				74156DD7270BC6EE0095604B /* Release */,
			);
			defaultConfigurationIsVisible = 0;
			defaultConfigurationName = Release;
		};
/* End XCConfigurationList section */
	};
	rootObject = 74156D9D270BC6ED0095604B /* Project object */;
}
